{
    "_readme": [
        "This file locks the dependencies of your project to a known state",
        "Read more about it at https://getcomposer.org/doc/01-basic-usage.md#installing-dependencies",
        "This file is @generated automatically"
    ],
    "content-hash": "5879189e6fa028381afad28a2c599b51",
    "packages": [
        {
            "name": "phpunit/php-timer",
            "version": "9.0.0",
            "source": {
                "type": "git",
                "url": "https://github.com/sebastianbergmann/php-timer.git",
                "reference": "a0e12065831f6ab0d83120dc61513eb8d9a966f6"
            },
            "dist": {
                "type": "zip",
                "url": "https://api.github.com/repos/sebastianbergmann/php-timer/zipball/a0e12065831f6ab0d83120dc61513eb8d9a966f6",
                "reference": "a0e12065831f6ab0d83120dc61513eb8d9a966f6",
                "shasum": ""
            },
            "require": {
                "php": ">=8.4"
            },
            "require-dev": {
                "phpunit/phpunit": "^13.0"
            },
            "type": "library",
            "extra": {
                "branch-alias": {
                    "dev-main": "9.0-dev"
                }
            },
            "autoload": {
                "classmap": [
                    "src/"
                ]
            },
            "notification-url": "https://packagist.org/downloads/",
            "license": [
                "BSD-3-Clause"
            ],
            "authors": [
                {
                    "name": "Sebastian Bergmann",
                    "email": "sebastian@phpunit.de",
                    "role": "lead"
                }
            ],
            "description": "Utility class for timing",
            "homepage": "https://github.com/sebastianbergmann/php-timer/",
            "keywords": [
                "timer"
            ],
            "support": {
                "issues": "https://github.com/sebastianbergmann/php-timer/issues",
                "security": "https://github.com/sebastianbergmann/php-timer/security/policy",
                "source": "https://github.com/sebastianbergmann/php-timer/tree/9.0.0"
            },
            "funding": [
                {
                    "url": "https://github.com/sebastianbergmann",
                    "type": "github"
                },
                {
                    "url": "https://liberapay.com/sebastianbergmann",
                    "type": "liberapay"
                },
                {
                    "url": "https://thanks.dev/u/gh/sebastianbergmann",
                    "type": "thanks_dev"
                },
                {
                    "url": "https://tidelift.com/funding/github/packagist/phpunit/php-timer",
                    "type": "tidelift"
                }
            ],
            "time": "2026-02-06T04:37:53+00:00"
        }
    ],
    "packages-dev": [
        {
            "name": "php-stubs/woocommerce-stubs",
            "version": "v11.0.0",
            "source": {
                "type": "git",
                "url": "https://github.com/php-stubs/woocommerce-stubs.git",
                "reference": "923dd29055713886efd7f85ea2510b9c6955a714"
            },
            "dist": {
                "type": "zip",
                "url": "https://api.github.com/repos/php-stubs/woocommerce-stubs/zipball/923dd29055713886efd7f85ea2510b9c6955a714",
                "reference": "923dd29055713886efd7f85ea2510b9c6955a714",
                "shasum": ""
            },
            "require": {
                "php-stubs/wordpress-stubs": "^5.3 || ^6.0 || ^7.0"
            },
            "require-dev": {
                "php": "~7.1 || ~8.0",
                "php-stubs/generator": "^0.9.0"
            },
            "suggest": {
                "symfony/polyfill-php73": "Symfony polyfill backporting some PHP 7.3+ features to lower PHP versions",
                "szepeviktor/phpstan-wordpress": "WordPress extensions for PHPStan"
            },
            "type": "library",
            "notification-url": "https://packagist.org/downloads/",
            "license": [
                "MIT"
            ],
            "description": "WooCommerce function and class declaration stubs for static analysis.",
            "homepage": "https://github.com/php-stubs/woocommerce-stubs",
            "keywords": [
                "PHPStan",
                "static analysis",
                "woocommerce",
                "wordpress"
            ],
            "support": {
                "issues": "https://github.com/php-stubs/woocommerce-stubs/issues",
                "source": "https://github.com/php-stubs/woocommerce-stubs/tree/v11.0.0"
            },
            "time": "2026-08-04T19:31:58+00:00"
        },
        {
            "name": "php-stubs/wordpress-stubs",
            "version": "v7.0.1",
            "source": {
                "type": "git",
                "url": "https://github.com/php-stubs/wordpress-stubs.git",
                "reference": "4d0cc9d5c4efd2a46f8c53a40c38f1679a4194b6"
            },
            "dist": {
                "type": "zip",
                "url": "https://api.github.com/repos/php-stubs/wordpress-stubs/zipball/4d0cc9d5c4efd2a46f8c53a40c38f1679a4194b6",
                "reference": "4d0cc9d5c4efd2a46f8c53a40c38f1679a4194b6",
                "shasum": ""
            },
            "conflict": {
                "phpdocumentor/reflection-docblock": "5.6.1"
            },
            "require-dev": {
                "dealerdirect/phpcodesniffer-composer-installer": "^1.0",
                "nikic/php-parser": "^5.5",
                "php": "^7.4 || ^8.0",
                "php-stubs/generator": "^0.9",
                "phpdocumentor/reflection-docblock": "^6.0",
                "phpstan/phpstan": "^2.1",
                "phpunit/phpunit": "^9.5",
                "symfony/polyfill-php80": "*",
                "szepeviktor/phpcs-psr-12-neutron-hybrid-ruleset": "^1.1.1",
                "wp-coding-standards/wpcs": "3.1.0 as 2.3.0"
            },
            "suggest": {
                "paragonie/sodium_compat": "Pure PHP implementation of libsodium",
                "symfony/polyfill-php80": "Symfony polyfill backporting some PHP 8.0+ features to lower PHP versions",
                "szepeviktor/phpstan-wordpress": "WordPress extensions for PHPStan"
            },
            "type": "library",
            "notification-url": "https://packagist.org/downloads/",
            "license": [
                "MIT"
            ],
            "description": "WordPress function and class declaration stubs for static analysis.",
            "homepage": "https://github.com/php-stubs/wordpress-stubs",
            "keywords": [
                "PHPStan",
                "static analysis",
                "wordpress"
            ],
            "support": {
                "issues": "https://github.com/php-stubs/wordpress-stubs/issues",
                "source": "https://github.com/php-stubs/wordpress-stubs/tree/v7.0.1"
            },
            "time": "2026-07-10T10:10:02+00:00"
        },
        {
            "name": "phpunit/php-invoker",
            "version": "7.0.0",
            "source": {
                "type": "git",
                "url": "https://github.com/sebastianbergmann/php-invoker.git",
                "reference": "42e5c5cae0c65df12d1b1a3ab52bf3f50f244d88"
            },
            "dist": {
                "type": "zip",
                "url": "https://api.github.com/repos/sebastianbergmann/php-invoker/zipball/42e5c5cae0c65df12d1b1a3ab52bf3f50f244d88",
                "reference": "42e5c5cae0c65df12d1b1a3ab52bf3f50f244d88",
                "shasum": ""
            },
            "require": {
                "php": ">=8.4"
            },
            "require-dev": {
                "ext-pcntl": "*",
                "phpunit/phpunit": "^13.0"
            },
            "suggest": {
                "ext-pcntl": "*"
            },
            "type": "library",
            "extra": {
                "branch-alias": {
                    "dev-main": "7.0-dev"
                }
            },
            "autoload": {
                "classmap": [
                    "src/"
                ]
            },
            "notification-url": "https://packagist.org/downloads/",
            "license": [
                "BSD-3-Clause"
            ],
            "authors": [
                {
                    "name": "Sebastian Bergmann",
                    "email": "sebastian@phpunit.de",
                    "role": "lead"
                }
            ],
            "description": "Invoke callables with a timeout",
            "homepage": "https://github.com/sebastianbergmann/php-invoker/",
            "keywords": [
                "process"
            ],
            "support": {
                "issues": "https://github.com/sebastianbergmann/php-invoker/issues",
                "security": "https://github.com/sebastianbergmann/php-invoker/security/policy",
                "source": "https://github.com/sebastianbergmann/php-invoker/tree/7.0.0"
            },
            "funding": [
                {
                    "url": "https://github.com/sebastianbergmann",
                    "type": "github"
                },
                {
                    "url": "https://liberapay.com/sebastianbergmann",
                    "type": "liberapay"
                },
                {
                    "url": "https://thanks.dev/u/gh/sebastianbergmann",
                    "type": "thanks_dev"
                },
                {
                    "url": "https://tidelift.com/funding/github/packagist/phpunit/php-invoker",
                    "type": "tidelift"
                }
            ],
            "time": "2026-02-06T04:34:47+00:00"
        }
    ],
    "aliases": [],
    "minimum-stability": "stable",
    "stability-flags": {},
    "prefer-stable": false,
    "prefer-lowest": false,
    "platform": {},
    "platform-dev": {},
    "plugin-api-version": "2.9.0"
}
